
Microsoft Visual Studio Solution File, Format Version 12.00
# Visual Studio 15
VisualStudioVersion = 15.0.28307.1401
MinimumVisualStudioVersion = 10.0.40219.1
Project("{FAE04EC0-301F-11D3-BF4B-00C04F79EFBC}") = "无界加速器", "无界加速器\无界加速器.csproj", "{53C27ACC-8BFD-4513-91DC-9FB4E2F7AAB9}"
EndProject
Global
	GlobalSection(SolutionConfigurationPlatforms) = preSolution
		Debug|Any CPU = Debug|Any CPU
		Release|Any CPU = Release|Any CPU
	EndGlobalSection
	GlobalSection(ProjectConfigurationPlatforms) = postSolution
		{53C27ACC-8BFD-4513-91DC-9FB4E2F7AAB9}.Debug|Any CPU.ActiveCfg = Debug|Any CPU
		{53C27ACC-8BFD-4513-91DC-9FB4E2F7AAB9}.Debug|Any CPU.Build.0 = Debug|Any CPU
		{53C27ACC-8BFD-4513-91DC-9FB4E2F7AAB9}.Release|Any CPU.ActiveCfg = Release|Any CPU
		{53C27ACC-8BFD-4513-91DC-9FB4E2F7AAB9}.Release|Any CPU.Build.0 = Release|Any CPU
	EndGlobalSection
	GlobalSection(SolutionProperties) = preSolution
		HideSolutionNode = FALSE
	EndGlobalSection
	GlobalSection(ExtensibilityGlobals) = postSolution
		SolutionGuid = {8E3A4AE0-D22E-43F8-8A69-24DE8F0BD0FD}
	EndGlobalSection
	GlobalSection(TeamFoundationVersionControl) = preSolution
		SccNumberOfProjects = 2
		SccEnterpriseProvider = {4CA58AB2-18FA-4F8D-95D4-32DDF27D184C}
		SccTeamFoundationServer = https://dev.azure.com/wangzhifaqx
		SccLocalPath0 = .
		SccProjectUniqueName1 = 无界加速器\\无界加速器.csproj
		SccProjectName1 = 无界加速器
		SccLocalPath1 = 无界加速器
	EndGlobalSection
EndGlobal
